
Microsoft Visual Studio Solution File, Format Version 12.00
# Visual Studio 15
VisualStudioVersion = 15.0.27004.2010
MinimumVisualStudioVersion = 10.0.40219.1
Project("{FAE04EC0-301F-11D3-BF4B-00C04F79EFBC}") = "Bridge", "Bridge\Bridge.csproj", "{44E1165D-07F4-4EB7-9723-90305C1CB31E}"
EndProject
Global
	GlobalSection(SolutionConfigurationPlatforms) = preSolution
		Debug|Any CPU = Debug|Any CPU
		Release|Any CPU = Release|Any CPU
	EndGlobalSection
	GlobalSection(ProjectConfigurationPlatforms) = postSolution
		{44E1165D-07F4-4EB7-9723-90305C1CB31E}.Debug|Any CPU.ActiveCfg = Debug|Any CPU
		{44E1165D-07F4-4EB7-9723-90305C1CB31E}.Debug|Any CPU.Build.0 = Debug|Any CPU
		{44E1165D-07F4-4EB7-9723-90305C1CB31E}.Release|Any CPU.ActiveCfg = Release|Any CPU
		{44E1165D-07F4-4EB7-9723-90305C1CB31E}.Release|Any CPU.Build.0 = Release|Any CPU
	EndGlobalSection
	GlobalSection(SolutionProperties) = preSolution
		HideSolutionNode = FALSE
	EndGlobalSection
	GlobalSection(ExtensibilityGlobals) = postSolution
		SolutionGuid = {2A98C4D0-4D09-47AC-A214-2204B6288B12}
	EndGlobalSection
EndGlobal
