
Microsoft Visual Studio Solution File, Format Version 12.00
# Visual Studio 15
VisualStudioVersion = 15.0.28307.572
MinimumVisualStudioVersion = 10.0.40219.1
Project("{FAE04EC0-301F-11D3-BF4B-00C04F79EFBC}") = "Mediator", "Mediator\Mediator.csproj", "{F67EE298-9962-4966-8495-C82CC0636435}"
EndProject
Global
	GlobalSection(SolutionConfigurationPlatforms) = preSolution
		Debug|Any CPU = Debug|Any CPU
		Release|Any CPU = Release|Any CPU
	EndGlobalSection
	GlobalSection(ProjectConfigurationPlatforms) = postSolution
		{F67EE298-9962-4966-8495-C82CC0636435}.Debug|Any CPU.ActiveCfg = Debug|Any CPU
		{F67EE298-9962-4966-8495-C82CC0636435}.Debug|Any CPU.Build.0 = Debug|Any CPU
		{F67EE298-9962-4966-8495-C82CC0636435}.Release|Any CPU.ActiveCfg = Release|Any CPU
		{F67EE298-9962-4966-8495-C82CC0636435}.Release|Any CPU.Build.0 = Release|Any CPU
	EndGlobalSection
	GlobalSection(SolutionProperties) = preSolution
		HideSolutionNode = FALSE
	EndGlobalSection
	GlobalSection(ExtensibilityGlobals) = postSolution
		SolutionGuid = {E0281F56-4DEC-4CAC-83AF-E9A7A7E18BD9}
	EndGlobalSection
EndGlobal
