
Microsoft Visual Studio Solution File, Format Version 12.00
# Visual Studio 15
VisualStudioVersion = 15.0.27004.2010
MinimumVisualStudioVersion = 10.0.40219.1
Project("{FAE04EC0-301F-11D3-BF4B-00C04F79EFBC}") = "Prototype", "Prototype\Prototype.csproj", "{53682FEF-3A4B-4653-AA19-D8E2EF7B2AA4}"
EndProject
Global
	GlobalSection(SolutionConfigurationPlatforms) = preSolution
		Debug|Any CPU = Debug|Any CPU
		Release|Any CPU = Release|Any CPU
	EndGlobalSection
	GlobalSection(ProjectConfigurationPlatforms) = postSolution
		{53682FEF-3A4B-4653-AA19-D8E2EF7B2AA4}.Debug|Any CPU.ActiveCfg = Debug|Any CPU
		{53682FEF-3A4B-4653-AA19-D8E2EF7B2AA4}.Debug|Any CPU.Build.0 = Debug|Any CPU
		{53682FEF-3A4B-4653-AA19-D8E2EF7B2AA4}.Release|Any CPU.ActiveCfg = Release|Any CPU
		{53682FEF-3A4B-4653-AA19-D8E2EF7B2AA4}.Release|Any CPU.Build.0 = Release|Any CPU
	EndGlobalSection
	GlobalSection(SolutionProperties) = preSolution
		HideSolutionNode = FALSE
	EndGlobalSection
	GlobalSection(ExtensibilityGlobals) = postSolution
		SolutionGuid = {241EB82B-1C1C-4DAB-801B-48726A56CB9D}
	EndGlobalSection
EndGlobal
