
Microsoft Visual Studio Solution File, Format Version 12.00
# Visual Studio 15
VisualStudioVersion = 15.0.27004.2010
MinimumVisualStudioVersion = 10.0.40219.1
Project("{FAE04EC0-301F-11D3-BF4B-00C04F79EFBC}") = "Command", "Command\Command.csproj", "{393B58AB-17DA-433E-B3FE-C4820573CD93}"
EndProject
Global
	GlobalSection(SolutionConfigurationPlatforms) = preSolution
		Debug|Any CPU = Debug|Any CPU
		Release|Any CPU = Release|Any CPU
	EndGlobalSection
	GlobalSection(ProjectConfigurationPlatforms) = postSolution
		{393B58AB-17DA-433E-B3FE-C4820573CD93}.Debug|Any CPU.ActiveCfg = Debug|Any CPU
		{393B58AB-17DA-433E-B3FE-C4820573CD93}.Debug|Any CPU.Build.0 = Debug|Any CPU
		{393B58AB-17DA-433E-B3FE-C4820573CD93}.Release|Any CPU.ActiveCfg = Release|Any CPU
		{393B58AB-17DA-433E-B3FE-C4820573CD93}.Release|Any CPU.Build.0 = Release|Any CPU
	EndGlobalSection
	GlobalSection(SolutionProperties) = preSolution
		HideSolutionNode = FALSE
	EndGlobalSection
	GlobalSection(ExtensibilityGlobals) = postSolution
		SolutionGuid = {88D98CCB-AD6B-4434-9D16-8C24DB9E32CF}
	EndGlobalSection
EndGlobal
