
Microsoft Visual Studio Solution File, Format Version 12.00
# Visual Studio 15
VisualStudioVersion = 15.0.27004.2010
MinimumVisualStudioVersion = 10.0.40219.1
Project("{FAE04EC0-301F-11D3-BF4B-00C04F79EFBC}") = "Template", "Template\Template.csproj", "{B3DA7AD8-1825-4BBB-95A2-59117BC3CFF4}"
EndProject
Global
	GlobalSection(SolutionConfigurationPlatforms) = preSolution
		Debug|Any CPU = Debug|Any CPU
		Release|Any CPU = Release|Any CPU
	EndGlobalSection
	GlobalSection(ProjectConfigurationPlatforms) = postSolution
		{B3DA7AD8-1825-4BBB-95A2-59117BC3CFF4}.Debug|Any CPU.ActiveCfg = Debug|Any CPU
		{B3DA7AD8-1825-4BBB-95A2-59117BC3CFF4}.Debug|Any CPU.Build.0 = Debug|Any CPU
		{B3DA7AD8-1825-4BBB-95A2-59117BC3CFF4}.Release|Any CPU.ActiveCfg = Release|Any CPU
		{B3DA7AD8-1825-4BBB-95A2-59117BC3CFF4}.Release|Any CPU.Build.0 = Release|Any CPU
	EndGlobalSection
	GlobalSection(SolutionProperties) = preSolution
		HideSolutionNode = FALSE
	EndGlobalSection
	GlobalSection(ExtensibilityGlobals) = postSolution
		SolutionGuid = {1A37B8BD-F400-4B7A-9B7A-0643C25E667A}
	EndGlobalSection
EndGlobal
